
Microsoft Visual Studio Solution File, Format Version 12.00
# Visual Studio Version 17
VisualStudioVersion = 17.3.32811.315
MinimumVisualStudioVersion = 10.0.40219.1
Project("{FAE04EC0-301F-11D3-BF4B-00C04F79EFBC}") = "TestPseudoKod", "TestPseudoKod\TestPseudoKod.csproj", "{CCFCD538-8ADF-4900-9090-11672B950A70}"
EndProject
Global
	GlobalSection(SolutionConfigurationPlatforms) = preSolution
		Debug|Any CPU = Debug|Any CPU
		Release|Any CPU = Release|Any CPU
	EndGlobalSection
	GlobalSection(ProjectConfigurationPlatforms) = postSolution
		{CCFCD538-8ADF-4900-9090-11672B950A70}.Debug|Any CPU.ActiveCfg = Debug|Any CPU
		{CCFCD538-8ADF-4900-9090-11672B950A70}.Debug|Any CPU.Build.0 = Debug|Any CPU
		{CCFCD538-8ADF-4900-9090-11672B950A70}.Release|Any CPU.ActiveCfg = Release|Any CPU
		{CCFCD538-8ADF-4900-9090-11672B950A70}.Release|Any CPU.Build.0 = Release|Any CPU
	EndGlobalSection
	GlobalSection(SolutionProperties) = preSolution
		HideSolutionNode = FALSE
	EndGlobalSection
	GlobalSection(ExtensibilityGlobals) = postSolution
		SolutionGuid = {BF165320-811E-4A4D-86EF-693C38352E60}
	EndGlobalSection
EndGlobal
